
Microsoft Visual Studio Solution File, Format Version 12.00
# Visual Studio 15
VisualStudioVersion = 15.0.28010.2041
MinimumVisualStudioVersion = 10.0.40219.1
Project("{FAE04EC0-301F-11D3-BF4B-00C04F79EFBC}") = "Classes", "Classes\Classes.csproj", "{D1A5CA88-178E-4AC7-A5E9-A518CC466D99}"
EndProject
Project("{FAE04EC0-301F-11D3-BF4B-00C04F79EFBC}") = "Academy", "Academy\Academy.csproj", "{122ED9CC-DC8F-4248-9665-901869F0EEE0}"
EndProject
Global
	GlobalSection(SolutionConfigurationPlatforms) = preSolution
		Debug|Any CPU = Debug|Any CPU
		Release|Any CPU = Release|Any CPU
	EndGlobalSection
	GlobalSection(ProjectConfigurationPlatforms) = postSolution
		{D1A5CA88-178E-4AC7-A5E9-A518CC466D99}.Debug|Any CPU.ActiveCfg = Debug|Any CPU
		{D1A5CA88-178E-4AC7-A5E9-A518CC466D99}.Debug|Any CPU.Build.0 = Debug|Any CPU
		{D1A5CA88-178E-4AC7-A5E9-A518CC466D99}.Release|Any CPU.ActiveCfg = Release|Any CPU
		{D1A5CA88-178E-4AC7-A5E9-A518CC466D99}.Release|Any CPU.Build.0 = Release|Any CPU
		{122ED9CC-DC8F-4248-9665-901869F0EEE0}.Debug|Any CPU.ActiveCfg = Debug|Any CPU
		{122ED9CC-DC8F-4248-9665-901869F0EEE0}.Debug|Any CPU.Build.0 = Debug|Any CPU
		{122ED9CC-DC8F-4248-9665-901869F0EEE0}.Release|Any CPU.ActiveCfg = Release|Any CPU
		{122ED9CC-DC8F-4248-9665-901869F0EEE0}.Release|Any CPU.Build.0 = Release|Any CPU
	EndGlobalSection
	GlobalSection(SolutionProperties) = preSolution
		HideSolutionNode = FALSE
	EndGlobalSection
	GlobalSection(ExtensibilityGlobals) = postSolution
		SolutionGuid = {DC9FFABD-3DB9-4DB4-BB3B-AD85993B5079}
	EndGlobalSection
EndGlobal
