
Microsoft Visual Studio Solution File, Format Version 12.00
# Visual Studio 15
VisualStudioVersion = 15.0.28307.421
MinimumVisualStudioVersion = 10.0.40219.1
Project("{FAE04EC0-301F-11D3-BF4B-00C04F79EFBC}") = "Music", "Music\Music.csproj", "{10D82DDB-88E2-4FBD-9C09-6F166DCCCCF4}"
EndProject
Project("{FAE04EC0-301F-11D3-BF4B-00C04F79EFBC}") = "Classes", "Classes\Classes.csproj", "{B789F52C-74CB-433D-936E-AC1A34926272}"
EndProject
Global
	GlobalSection(SolutionConfigurationPlatforms) = preSolution
		Debug|Any CPU = Debug|Any CPU
		Release|Any CPU = Release|Any CPU
	EndGlobalSection
	GlobalSection(ProjectConfigurationPlatforms) = postSolution
		{10D82DDB-88E2-4FBD-9C09-6F166DCCCCF4}.Debug|Any CPU.ActiveCfg = Debug|Any CPU
		{10D82DDB-88E2-4FBD-9C09-6F166DCCCCF4}.Debug|Any CPU.Build.0 = Debug|Any CPU
		{10D82DDB-88E2-4FBD-9C09-6F166DCCCCF4}.Release|Any CPU.ActiveCfg = Release|Any CPU
		{10D82DDB-88E2-4FBD-9C09-6F166DCCCCF4}.Release|Any CPU.Build.0 = Release|Any CPU
		{B789F52C-74CB-433D-936E-AC1A34926272}.Debug|Any CPU.ActiveCfg = Debug|Any CPU
		{B789F52C-74CB-433D-936E-AC1A34926272}.Debug|Any CPU.Build.0 = Debug|Any CPU
		{B789F52C-74CB-433D-936E-AC1A34926272}.Release|Any CPU.ActiveCfg = Release|Any CPU
		{B789F52C-74CB-433D-936E-AC1A34926272}.Release|Any CPU.Build.0 = Release|Any CPU
	EndGlobalSection
	GlobalSection(SolutionProperties) = preSolution
		HideSolutionNode = FALSE
	EndGlobalSection
	GlobalSection(ExtensibilityGlobals) = postSolution
		SolutionGuid = {978213AD-EB86-48FB-872E-A7A0737AE26A}
	EndGlobalSection
EndGlobal
