
Microsoft Visual Studio Solution File, Format Version 12.00
# Visual Studio 15
VisualStudioVersion = 15.0.28307.421
MinimumVisualStudioVersion = 10.0.40219.1
Project("{FAE04EC0-301F-11D3-BF4B-00C04F79EFBC}") = "Yes or No", "ConsoleApp1\Yes or No.csproj", "{4FCC7CBA-1BF9-447E-8B1B-26E861EAA320}"
EndProject
Global
	GlobalSection(SolutionConfigurationPlatforms) = preSolution
		Debug|Any CPU = Debug|Any CPU
		Release|Any CPU = Release|Any CPU
	EndGlobalSection
	GlobalSection(ProjectConfigurationPlatforms) = postSolution
		{4FCC7CBA-1BF9-447E-8B1B-26E861EAA320}.Debug|Any CPU.ActiveCfg = Debug|Any CPU
		{4FCC7CBA-1BF9-447E-8B1B-26E861EAA320}.Debug|Any CPU.Build.0 = Debug|Any CPU
		{4FCC7CBA-1BF9-447E-8B1B-26E861EAA320}.Release|Any CPU.ActiveCfg = Release|Any CPU
		{4FCC7CBA-1BF9-447E-8B1B-26E861EAA320}.Release|Any CPU.Build.0 = Release|Any CPU
	EndGlobalSection
	GlobalSection(SolutionProperties) = preSolution
		HideSolutionNode = FALSE
	EndGlobalSection
	GlobalSection(ExtensibilityGlobals) = postSolution
		SolutionGuid = {E3D0A76F-FB24-416B-AAD6-CE9556731C37}
	EndGlobalSection
EndGlobal
